{
  "name": "site1",
  "lockfileVersion": 2,
  "requires": true,
  "packages": {
    "": {
      "dependencies": {
        "leaflet-switch-basemap": "^1.0.4"
      }
    },
    "node_modules/leaflet-switch-basemap": {
      "version": "1.0.4",
      "resolved": "https://registry.npmjs.org/leaflet-switch-basemap/-/leaflet-switch-basemap-1.0.4.tgz",
      "integrity": "sha512-mUCPTVB5NPyQnBIaw6XLWyTR148r//phrcIRbVJ0uGLeGbLVBt3Dh6cVKMGIkvU2L8yMvV6kDRLnyaRUc6QJmQ=="
    }
  },
  "dependencies": {
    "leaflet-switch-basemap": {
      "version": "1.0.4",
      "resolved": "https://registry.npmjs.org/leaflet-switch-basemap/-/leaflet-switch-basemap-1.0.4.tgz",
      "integrity": "sha512-mUCPTVB5NPyQnBIaw6XLWyTR148r//phrcIRbVJ0uGLeGbLVBt3Dh6cVKMGIkvU2L8yMvV6kDRLnyaRUc6QJmQ=="
    }
  }
}
